
Microsoft Visual Studio Solution File, Format Version 11.00
# Visual Studio 2010
Project("{FAE04EC0-301F-11D3-BF4B-00C04F79EFBC}") = "racing-master", "Assembly-CSharp.csproj", "{FF3BD058-4BA5-1472-761B-35B9B3070D9C}"
EndProject
Global
	GlobalSection(SolutionConfigurationPlatforms) = preSolution
		Debug|Any CPU = Debug|Any CPU
		Release|Any CPU = Release|Any CPU
	EndGlobalSection
	GlobalSection(ProjectConfigurationPlatforms) = postSolution
		{FF3BD058-4BA5-1472-761B-35B9B3070D9C}.Debug|Any CPU.ActiveCfg = Debug|Any CPU
		{FF3BD058-4BA5-1472-761B-35B9B3070D9C}.Debug|Any CPU.Build.0 = Debug|Any CPU
		{FF3BD058-4BA5-1472-761B-35B9B3070D9C}.Release|Any CPU.ActiveCfg = Release|Any CPU
		{FF3BD058-4BA5-1472-761B-35B9B3070D9C}.Release|Any CPU.Build.0 = Release|Any CPU
	EndGlobalSection
	GlobalSection(SolutionProperties) = preSolution
		HideSolutionNode = FALSE
	EndGlobalSection
	GlobalSection(MonoDevelopProperties) = preSolution
		StartupItem = Assembly-CSharp.csproj
	EndGlobalSection
EndGlobal
